
Microsoft Visual Studio Solution File, Format Version 12.00
# Visual Studio Version 16
VisualStudioVersion = 16.0.29806.167
MinimumVisualStudioVersion = 10.0.40219.1
Project("{888888A0-9F3D-457C-B088-3A5042F75D52}") = "计设界面", "计设界面.pyproj", "{C9851193-DF76-43EB-8CC6-452E2BB7A72F}"
EndProject
Global
	GlobalSection(SolutionConfigurationPlatforms) = preSolution
		Debug|Any CPU = Debug|Any CPU
		Release|Any CPU = Release|Any CPU
	EndGlobalSection
	GlobalSection(ProjectConfigurationPlatforms) = postSolution
		{C9851193-DF76-43EB-8CC6-452E2BB7A72F}.Debug|Any CPU.ActiveCfg = Debug|Any CPU
		{C9851193-DF76-43EB-8CC6-452E2BB7A72F}.Release|Any CPU.ActiveCfg = Release|Any CPU
	EndGlobalSection
	GlobalSection(SolutionProperties) = preSolution
		HideSolutionNode = FALSE
	EndGlobalSection
	GlobalSection(ExtensibilityGlobals) = postSolution
		SolutionGuid = {41BBA75A-3087-48E4-8C12-2DE2D695748F}
	EndGlobalSection
EndGlobal
